
Microsoft Visual Studio Solution File, Format Version 12.00
# Visual Studio Version 16
VisualStudioVersion = 16.0.30011.22
MinimumVisualStudioVersion = 10.0.40219.1
Project("{FAE04EC0-301F-11D3-BF4B-00C04F79EFBC}") = "zenDzeeMods_Heritage", "zenDzeeMods_Heritage.csproj", "{336843B3-EC23-44A7-89AC-D9A55E3A9C07}"
EndProject
Global
	GlobalSection(SolutionConfigurationPlatforms) = preSolution
		Debug|Any CPU = Debug|Any CPU
		Release|Any CPU = Release|Any CPU
	EndGlobalSection
	GlobalSection(ProjectConfigurationPlatforms) = postSolution
		{336843B3-EC23-44A7-89AC-D9A55E3A9C07}.Debug|Any CPU.ActiveCfg = Debug|Any CPU
		{336843B3-EC23-44A7-89AC-D9A55E3A9C07}.Debug|Any CPU.Build.0 = Debug|Any CPU
		{336843B3-EC23-44A7-89AC-D9A55E3A9C07}.Release|Any CPU.ActiveCfg = Release|Any CPU
		{336843B3-EC23-44A7-89AC-D9A55E3A9C07}.Release|Any CPU.Build.0 = Release|Any CPU
	EndGlobalSection
	GlobalSection(SolutionProperties) = preSolution
		HideSolutionNode = FALSE
	EndGlobalSection
	GlobalSection(ExtensibilityGlobals) = postSolution
		SolutionGuid = {333EEEF9-A654-4298-A4F6-48476DED1A42}
	EndGlobalSection
EndGlobal
